{
  "nodes": {
    "disko": {
      "inputs": {
        "nixpkgs": [
          "nixpkgs"
        ]
      },
      "locked": {
        "lastModified": 1712356478,
        "narHash": "sha256-kTcEtrQIRnexu5lAbLsmUcfR2CrmsACF1s3ZFw1NEVA=",
        "owner": "nix-community",
        "repo": "disko",
        "rev": "0a17298c0d96190ef3be729d594ba202b9c53beb",
        "type": "github"
      },
      "original": {
        "owner": "nix-community",
        "repo": "disko",
        "type": "github"
      }
    },
    "home-manager": {
      "inputs": {
        "nixpkgs": [
          "nixpkgs"
        ]
      },
      "locked": {
        "lastModified": 1713166971,
        "narHash": "sha256-t0P/rKlsE5l1O3O2LYtAelLzp7PeoPCSzsIietQ1hSM=",
        "owner": "nix-community",
        "repo": "home-manager",
        "rev": "1c43dcfac48a2d622797f7ab741670fdbcf8f609",
        "type": "github"
      },
      "original": {
        "owner": "nix-community",
        "repo": "home-manager",
        "type": "github"
      }
    },
    "home-manager_2": {
      "inputs": {
        "nixpkgs": [
          "plasma-manager",
          "nixpkgs"
        ]
      },
      "locked": {
        "lastModified": 1710888565,
        "narHash": "sha256-s9Hi4RHhc6yut4EcYD50sZWRDKsugBJHSbON8KFwoTw=",
        "owner": "nix-community",
        "repo": "home-manager",
        "rev": "f33900124c23c4eca5831b9b5eb32ea5894375ce",
        "type": "github"
      },
      "original": {
        "owner": "nix-community",
        "ref": "release-23.11",
        "repo": "home-manager",
        "type": "github"
      }
    },
    "nixpkgs": {
      "locked": {
        "lastModified": 1779560665,
        "narHash": "sha256-tpyBcxPpcQb8ukyNF7DoCwfSY3VPsxHoYwj00Cayv5o=",
        "owner": "NixOS",
        "repo": "nixpkgs",
        "rev": "64c08a7ca051951c8eae34e3e3cb1e202fe36786",
        "type": "github"
      },
      "original": {
        "owner": "NixOS",
        "ref": "nixos-unstable",
        "repo": "nixpkgs",
        "type": "github"
      }
    },
    "plasma-manager": {
      "inputs": {
        "home-manager": "home-manager_2",
        "nixpkgs": [
          "nixpkgs"
        ]
      },
      "locked": {
        "lastModified": 1713085647,
        "narHash": "sha256-UkY2rK6f5OgwH2pvRQwm9QeueC5C37Nzm+R2/iNjHtU=",
        "owner": "pjones",
        "repo": "plasma-manager",
        "rev": "5af3d8f504d1d63aef73eda65c7a946c3fe3ac7a",
        "type": "github"
      },
      "original": {
        "owner": "pjones",
        "repo": "plasma-manager",
        "type": "github"
      }
    },
    "root": {
      "inputs": {
        "disko": "disko",
        "home-manager": "home-manager",
        "nixpkgs": "nixpkgs",
        "plasma-manager": "plasma-manager"
      }
    }
  },
  "root": "root",
  "version": 7
}
